
Microsoft Visual Studio Solution File, Format Version 12.00
# Visual Studio Version 17
VisualStudioVersion = 17.1.32328.378
MinimumVisualStudioVersion = 10.0.40219.1
Project("{FAE04EC0-301F-11D3-BF4B-00C04F79EFBC}") = "SIGPO_FRONT", "SIGPO_FRONT\SIGPO_FRONT.csproj", "{53749A9A-F86E-4DB5-9683-95617C7A65A1}"
EndProject
Global
	GlobalSection(SolutionConfigurationPlatforms) = preSolution
		Debug|Any CPU = Debug|Any CPU
		Release|Any CPU = Release|Any CPU
	EndGlobalSection
	GlobalSection(ProjectConfigurationPlatforms) = postSolution
		{53749A9A-F86E-4DB5-9683-95617C7A65A1}.Debug|Any CPU.ActiveCfg = Debug|Any CPU
		{53749A9A-F86E-4DB5-9683-95617C7A65A1}.Debug|Any CPU.Build.0 = Debug|Any CPU
		{53749A9A-F86E-4DB5-9683-95617C7A65A1}.Release|Any CPU.ActiveCfg = Release|Any CPU
		{53749A9A-F86E-4DB5-9683-95617C7A65A1}.Release|Any CPU.Build.0 = Release|Any CPU
	EndGlobalSection
	GlobalSection(SolutionProperties) = preSolution
		HideSolutionNode = FALSE
	EndGlobalSection
	GlobalSection(ExtensibilityGlobals) = postSolution
		SolutionGuid = {0135A3DD-04AF-44A7-8F46-D9A25C9C4066}
	EndGlobalSection
EndGlobal
